
Microsoft Visual Studio Solution File, Format Version 12.00
# Visual Studio 15
VisualStudioVersion = 15.0.26111.1
MinimumVisualStudioVersion = 10.0.40219.1
Project("{FAE04EC0-301F-11D3-BF4B-00C04F79EFBC}") = "ClassicNet46", "ClassicNet46\ClassicNet46.csproj", "{461DCCBF-26B8-4A1C-84D1-48AEBE55CC3A}"
EndProject
Project("{FAE04EC0-301F-11D3-BF4B-00C04F79EFBC}") = "MultiTargeted", "MultiTargeted\MultiTargeted.csproj", "{31807BE4-34C6-4635-849E-169012D38694}"
EndProject
Project("{FAE04EC0-301F-11D3-BF4B-00C04F79EFBC}") = "SdkBasedNet46", "SdkBasedNet46\SdkBasedNet46.csproj", "{1753FB97-0F21-45D7-B12A-673D09A99632}"
EndProject
Global
	GlobalSection(SolutionConfigurationPlatforms) = preSolution
		Debug|Any CPU = Debug|Any CPU
		Debug|x64 = Debug|x64
		Debug|x86 = Debug|x86
		Release|Any CPU = Release|Any CPU
		Release|x64 = Release|x64
		Release|x86 = Release|x86
	EndGlobalSection
	GlobalSection(ProjectConfigurationPlatforms) = postSolution
		{461DCCBF-26B8-4A1C-84D1-48AEBE55CC3A}.Debug|Any CPU.ActiveCfg = Debug|Any CPU
		{461DCCBF-26B8-4A1C-84D1-48AEBE55CC3A}.Debug|Any CPU.Build.0 = Debug|Any CPU
		{461DCCBF-26B8-4A1C-84D1-48AEBE55CC3A}.Debug|x64.ActiveCfg = Debug|Any CPU
		{461DCCBF-26B8-4A1C-84D1-48AEBE55CC3A}.Debug|x64.Build.0 = Debug|Any CPU
		{461DCCBF-26B8-4A1C-84D1-48AEBE55CC3A}.Debug|x86.ActiveCfg = Debug|Any CPU
		{461DCCBF-26B8-4A1C-84D1-48AEBE55CC3A}.Debug|x86.Build.0 = Debug|Any CPU
		{461DCCBF-26B8-4A1C-84D1-48AEBE55CC3A}.Release|Any CPU.ActiveCfg = Release|Any CPU
		{461DCCBF-26B8-4A1C-84D1-48AEBE55CC3A}.Release|Any CPU.Build.0 = Release|Any CPU
		{461DCCBF-26B8-4A1C-84D1-48AEBE55CC3A}.Release|x64.ActiveCfg = Release|Any CPU
		{461DCCBF-26B8-4A1C-84D1-48AEBE55CC3A}.Release|x64.Build.0 = Release|Any CPU
		{461DCCBF-26B8-4A1C-84D1-48AEBE55CC3A}.Release|x86.ActiveCfg = Release|Any CPU
		{461DCCBF-26B8-4A1C-84D1-48AEBE55CC3A}.Release|x86.Build.0 = Release|Any CPU
		{31807BE4-34C6-4635-849E-169012D38694}.Debug|Any CPU.ActiveCfg = Debug|Any CPU
		{31807BE4-34C6-4635-849E-169012D38694}.Debug|Any CPU.Build.0 = Debug|Any CPU
		{31807BE4-34C6-4635-849E-169012D38694}.Debug|x64.ActiveCfg = Debug|x64
		{31807BE4-34C6-4635-849E-169012D38694}.Debug|x64.Build.0 = Debug|x64
		{31807BE4-34C6-4635-849E-169012D38694}.Debug|x86.ActiveCfg = Debug|x86
		{31807BE4-34C6-4635-849E-169012D38694}.Debug|x86.Build.0 = Debug|x86
		{31807BE4-34C6-4635-849E-169012D38694}.Release|Any CPU.ActiveCfg = Release|Any CPU
		{31807BE4-34C6-4635-849E-169012D38694}.Release|Any CPU.Build.0 = Release|Any CPU
		{31807BE4-34C6-4635-849E-169012D38694}.Release|x64.ActiveCfg = Release|x64
		{31807BE4-34C6-4635-849E-169012D38694}.Release|x64.Build.0 = Release|x64
		{31807BE4-34C6-4635-849E-169012D38694}.Release|x86.ActiveCfg = Release|x86
		{31807BE4-34C6-4635-849E-169012D38694}.Release|x86.Build.0 = Release|x86
		{1753FB97-0F21-45D7-B12A-673D09A99632}.Debug|Any CPU.ActiveCfg = Debug|Any CPU
		{1753FB97-0F21-45D7-B12A-673D09A99632}.Debug|Any CPU.Build.0 = Debug|Any CPU
		{1753FB97-0F21-45D7-B12A-673D09A99632}.Debug|x64.ActiveCfg = Debug|x64
		{1753FB97-0F21-45D7-B12A-673D09A99632}.Debug|x64.Build.0 = Debug|x64
		{1753FB97-0F21-45D7-B12A-673D09A99632}.Debug|x86.ActiveCfg = Debug|x86
		{1753FB97-0F21-45D7-B12A-673D09A99632}.Debug|x86.Build.0 = Debug|x86
		{1753FB97-0F21-45D7-B12A-673D09A99632}.Release|Any CPU.ActiveCfg = Release|Any CPU
		{1753FB97-0F21-45D7-B12A-673D09A99632}.Release|Any CPU.Build.0 = Release|Any CPU
		{1753FB97-0F21-45D7-B12A-673D09A99632}.Release|x64.ActiveCfg = Release|x64
		{1753FB97-0F21-45D7-B12A-673D09A99632}.Release|x64.Build.0 = Release|x64
		{1753FB97-0F21-45D7-B12A-673D09A99632}.Release|x86.ActiveCfg = Release|x86
		{1753FB97-0F21-45D7-B12A-673D09A99632}.Release|x86.Build.0 = Release|x86
	EndGlobalSection
	GlobalSection(SolutionProperties) = preSolution
		HideSolutionNode = FALSE
	EndGlobalSection
EndGlobal
